// !$*UTF8*$!
{
	archiveVersion = 1;
	classes = {
	};
	objectVersion = 50;
	objects = {

/* Begin PBXBuildFile section */
		0444D3D2243F6E74006CF3E0 /* AppDelegate.swift in Sources */ = {isa = PBXBuildFile; fileRef = 0444D3D1243F6E74006CF3E0 /* AppDelegate.swift */; };
		0444D3D4243F6E74006CF3E0 /* SceneDelegate.swift in Sources */ = {isa = PBXBuildFile; fileRef = 0444D3D3243F6E74006CF3E0 /* SceneDelegate.swift */; };
		0444D3D6243F6E74006CF3E0 /* ViewController.swift in Sources */ = {isa = PBXBuildFile; fileRef = 0444D3D5243F6E74006CF3E0 /* ViewController.swift */; };
		0444D3D9243F6E74006CF3E0 /* Main.storyboard in Resources */ = {isa = PBXBuildFile; fileRef = 0444D3D7243F6E74006CF3E0 /* Main.storyboard */; };
		0444D3DB243F6E77006CF3E0 /* Assets.xcassets in Resources */ = {isa = PBXBuildFile; fileRef = 0444D3DA243F6E77006CF3E0 /* Assets.xcassets */; };
		0444D3DE243F6E77006CF3E0 /* LaunchScreen.storyboard in Resources */ = {isa = PBXBuildFile; fileRef = 0444D3DC243F6E77006CF3E0 /* LaunchScreen.storyboard */; };
		0444D3E7243F8AE7006CF3E0 /* GameViewController.swift in Sources */ = {isa = PBXBuildFile; fileRef = 0444D3E6243F8AE7006CF3E0 /* GameViewController.swift */; };
		0444D3ED243F8CBD006CF3E0 /* Question.swift in Sources */ = {isa = PBXBuildFile; fileRef = 0444D3EC243F8CBD006CF3E0 /* Question.swift */; };
/* End PBXBuildFile section */

/* Begin PBXFileReference section */
		0444D3CE243F6E74006CF3E0 /* Who Wants to Be a Millionaire?.app */ = {isa = PBXFileReference; explicitFileType = wrapper.application; includeInIndex = 0; path = "Who Wants to Be a Millionaire?.app"; sourceTree = BUILT_PRODUCTS_DIR; };
		0444D3D1243F6E74006CF3E0 /* AppDelegate.swift */ = {isa = PBXFileReference; lastKnownFileType = sourcecode.swift; path = AppDelegate.swift; sourceTree = "<group>"; };
		0444D3D3243F6E74006CF3E0 /* SceneDelegate.swift */ = {isa = PBXFileReference; lastKnownFileType = sourcecode.swift; path = SceneDelegate.swift; sourceTree = "<group>"; };
		0444D3D5243F6E74006CF3E0 /* ViewController.swift */ = {isa = PBXFileReference; lastKnownFileType = sourcecode.swift; name = ViewController.swift; path = ../ViewController.swift; sourceTree = "<group>"; };
		0444D3D8243F6E74006CF3E0 /* Base */ = {isa = PBXFileReference; lastKnownFileType = file.storyboard; name = Base; path = Base.lproj/Main.storyboard; sourceTree = "<group>"; };
		0444D3DA243F6E77006CF3E0 /* Assets.xcassets */ = {isa = PBXFileReference; lastKnownFileType = folder.assetcatalog; path = Assets.xcassets; sourceTree = "<group>"; };
		0444D3DD243F6E77006CF3E0 /* Base */ = {isa = PBXFileReference; lastKnownFileType = file.storyboard; name = Base; path = Base.lproj/LaunchScreen.storyboard; sourceTree = "<group>"; };
		0444D3DF243F6E77006CF3E0 /* Info.plist */ = {isa = PBXFileReference; lastKnownFileType = text.plist.xml; path = Info.plist; sourceTree = "<group>"; };
		0444D3E6243F8AE7006CF3E0 /* GameViewController.swift */ = {isa = PBXFileReference; lastKnownFileType = sourcecode.swift; path = GameViewController.swift; sourceTree = "<group>"; };
		0444D3EC243F8CBD006CF3E0 /* Question.swift */ = {isa = PBXFileReference; lastKnownFileType = sourcecode.swift; path = Question.swift; sourceTree = "<group>"; };
/* End PBXFileReference section */

/* Begin PBXFrameworksBuildPhase section */
		0444D3CB243F6E74006CF3E0 /* Frameworks */ = {
			isa = PBXFrameworksBuildPhase;
			buildActionMask = 2147483647;
			files = (
			);
			runOnlyForDeploymentPostprocessing = 0;
		};
/* End PBXFrameworksBuildPhase section */

/* Begin PBXGroup section */
		0444D3C5243F6E74006CF3E0 = {
			isa = PBXGroup;
			children = (
				0444D3D0243F6E74006CF3E0 /* Who Wants to Be a Millionaire? */,
				0444D3CF243F6E74006CF3E0 /* Products */,
			);
			sourceTree = "<group>";
		};
		0444D3CF243F6E74006CF3E0 /* Products */ = {
			isa = PBXGroup;
			children = (
				0444D3CE243F6E74006CF3E0 /* Who Wants to Be a Millionaire?.app */,
			);
			name = Products;
			sourceTree = "<group>";
		};
		0444D3D0243F6E74006CF3E0 /* Who Wants to Be a Millionaire? */ = {
			isa = PBXGroup;
			children = (
				0444D3EB243F8C8D006CF3E0 /* Models */,
				0444D3E5243F8A7E006CF3E0 /* Controllers */,
				0444D3D1243F6E74006CF3E0 /* AppDelegate.swift */,
				0444D3D3243F6E74006CF3E0 /* SceneDelegate.swift */,
				0444D3D7243F6E74006CF3E0 /* Main.storyboard */,
				0444D3DA243F6E77006CF3E0 /* Assets.xcassets */,
				0444D3DC243F6E77006CF3E0 /* LaunchScreen.storyboard */,
				0444D3DF243F6E77006CF3E0 /* Info.plist */,
			);
			path = "Who Wants to Be a Millionaire?";
			sourceTree = "<group>";
		};
		0444D3E5243F8A7E006CF3E0 /* Controllers */ = {
			isa = PBXGroup;
			children = (
				0444D3D5243F6E74006CF3E0 /* ViewController.swift */,
				0444D3E6243F8AE7006CF3E0 /* GameViewController.swift */,
			);
			path = Controllers;
			sourceTree = "<group>";
		};
		0444D3EB243F8C8D006CF3E0 /* Models */ = {
			isa = PBXGroup;
			children = (
				0444D3EC243F8CBD006CF3E0 /* Question.swift */,
			);
			path = Models;
			sourceTree = "<group>";
		};
/* End PBXGroup section */

/* Begin PBXNativeTarget section */
		0444D3CD243F6E74006CF3E0 /* Who Wants to Be a Millionaire? */ = {
			isa = PBXNativeTarget;
			buildConfigurationList = 0444D3E2243F6E77006CF3E0 /* Build configuration list for PBXNativeTarget "Who Wants to Be a Millionaire?" */;
			buildPhases = (
				0444D3CA243F6E74006CF3E0 /* Sources */,
				0444D3CB243F6E74006CF3E0 /* Frameworks */,
				0444D3CC243F6E74006CF3E0 /* Resources */,
			);
			buildRules = (
			);
			dependencies = (
			);
			name = "Who Wants to Be a Millionaire?";
			productName = "Who Wants to Be a Millionaire?";
			productReference = 0444D3CE243F6E74006CF3E0 /* Who Wants to Be a Millionaire?.app */;
			productType = "com.apple.product-type.application";
		};
/* End PBXNativeTarget section */

/* Begin PBXProject section */
		0444D3C6243F6E74006CF3E0 /* Project object */ = {
			isa = PBXProject;
			attributes = {
				LastSwiftUpdateCheck = 1140;
				LastUpgradeCheck = 1140;
				ORGANIZATIONNAME = mac;
				TargetAttributes = {
					0444D3CD243F6E74006CF3E0 = {
						CreatedOnToolsVersion = 11.4;
					};
				};
			};
			buildConfigurationList = 0444D3C9243F6E74006CF3E0 /* Build configuration list for PBXProject "Who Wants to Be a Millionaire?" */;
			compatibilityVersion = "Xcode 9.3";
			developmentRegion = en;
			hasScannedForEncodings = 0;
			knownRegions = (
				en,
				Base,
			);
			mainGroup = 0444D3C5243F6E74006CF3E0;
			productRefGroup = 0444D3CF243F6E74006CF3E0 /* Products */;
			projectDirPath = "";
			projectRoot = "";
			targets = (
				0444D3CD243F6E74006CF3E0 /* Who Wants to Be a Millionaire? */,
			);
		};
/* End PBXProject section */

/* Begin PBXResourcesBuildPhase section */
		0444D3CC243F6E74006CF3E0 /* Resources */ = {
			isa = PBXResourcesBuildPhase;
			buildActionMask = 2147483647;
			files = (
				0444D3DE243F6E77006CF3E0 /* LaunchScreen.storyboard in Resources */,
				0444D3DB243F6E77006CF3E0 /* Assets.xcassets in Resources */,
				0444D3D9243F6E74006CF3E0 /* Main.storyboard in Resources */,
			);
			runOnlyForDeploymentPostprocessing = 0;
		};
/* End PBXResourcesBuildPhase section */

/* Begin PBXSourcesBuildPhase section */
		0444D3CA243F6E74006CF3E0 /* Sources */ = {
			isa = PBXSourcesBuildPhase;
			buildActionMask = 2147483647;
			files = (
				0444D3E7243F8AE7006CF3E0 /* GameViewController.swift in Sources */,
				0444D3D6243F6E74006CF3E0 /* ViewController.swift in Sources */,
				0444D3D2243F6E74006CF3E0 /* AppDelegate.swift in Sources */,
				0444D3ED243F8CBD006CF3E0 /* Question.swift in Sources */,
				0444D3D4243F6E74006CF3E0 /* SceneDelegate.swift in Sources */,
			);
			runOnlyForDeploymentPostprocessing = 0;
		};
/* End PBXSourcesBuildPhase section */

/* Begin PBXVariantGroup section */
		0444D3D7243F6E74006CF3E0 /* Main.storyboard */ = {
			isa = PBXVariantGroup;
			children = (
				0444D3D8243F6E74006CF3E0 /* Base */,
			);
			name = Main.storyboard;
			sourceTree = "<group>";
		};
		0444D3DC243F6E77006CF3E0 /* LaunchScreen.storyboard */ = {
			isa = PBXVariantGroup;
			children = (
				0444D3DD243F6E77006CF3E0 /* Base */,
			);
			name = LaunchScreen.storyboard;
			sourceTree = "<group>";
		};
/* End PBXVariantGroup section */

/* Begin XCBuildConfiguration section */
		0444D3E0243F6E77006CF3E0 /* Debug */ = {
			isa = XCBuildConfiguration;
			buildSettings = {
				ALWAYS_SEARCH_USER_PATHS = NO;
				CLANG_ANALYZER_NONNULL = YES;
				CLANG_ANALYZER_NUMBER_OBJECT_CONVERSION = YES_AGGRESSIVE;
				CLANG_CXX_LANGUAGE_STANDARD = "gnu++14";
				CLANG_CXX_LIBRARY = "libc++";
				CLANG_ENABLE_MODULES = YES;
				CLANG_ENABLE_OBJC_ARC = YES;
				CLANG_ENABLE_OBJC_WEAK = YES;
				CLANG_WARN_BLOCK_CAPTURE_AUTORELEASING = YES;
				CLANG_WARN_BOOL_CONVERSION = YES;
				CLANG_WARN_COMMA = YES;
				CLANG_WARN_CONSTANT_CONVERSION = YES;
				CLANG_WARN_DEPRECATED_OBJC_IMPLEMENTATIONS = YES;
				CLANG_WARN_DIRECT_OBJC_ISA_USAGE = YES_ERROR;
				CLANG_WARN_DOCUMENTATION_COMMENTS = YES;
				CLANG_WARN_EMPTY_BODY = YES;
				CLANG_WARN_ENUM_CONVERSION = YES;
				CLANG_WARN_INFINITE_RECURSION = YES;
				CLANG_WARN_INT_CONVERSION = YES;
				CLANG_WARN_NON_LITERAL_NULL_CONVERSION = YES;
				CLANG_WARN_OBJC_IMPLICIT_RETAIN_SELF = YES;
				CLANG_WARN_OBJC_LITERAL_CONVERSION = YES;
				CLANG_WARN_OBJC_ROOT_CLASS = YES_ERROR;
				CLANG_WARN_RANGE_LOOP_ANALYSIS = YES;
				CLANG_WARN_STRICT_PROTOTYPES = YES;
				CLANG_WARN_SUSPICIOUS_MOVE = YES;
				CLANG_WARN_UNGUARDED_AVAILABILITY = YES_AGGRESSIVE;
				CLANG_WARN_UNREACHABLE_CODE = YES;
				CLANG_WARN__DUPLICATE_METHOD_MATCH = YES;
				COPY_PHASE_STRIP = NO;
				DEBUG_INFORMATION_FORMAT = dwarf;
				ENABLE_STRICT_OBJC_MSGSEND = YES;
				ENABLE_TESTABILITY = YES;
				GCC_C_LANGUAGE_STANDARD = gnu11;
				GCC_DYNAMIC_NO_PIC = NO;
				GCC_NO_COMMON_BLOCKS = YES;
				GCC_OPTIMIZATION_LEVEL = 0;
				GCC_PREPROCESSOR_DEFINITIONS = (
					"DEBUG=1",
					"$(inherited)",
				);
				GCC_WARN_64_TO_32_BIT_CONVERSION = YES;
				GCC_WARN_ABOUT_RETURN_TYPE = YES_ERROR;
				GCC_WARN_UNDECLARED_SELECTOR = YES;
				GCC_WARN_UNINITIALIZED_AUTOS = YES_AGGRESSIVE;
				GCC_WARN_UNUSED_FUNCTION = YES;
				GCC_WARN_UNUSED_VARIABLE = YES;
				IPHONEOS_DEPLOYMENT_TARGET = 13.4;
				MTL_ENABLE_DEBUG_INFO = INCLUDE_SOURCE;
				MTL_FAST_MATH = YES;
				ONLY_ACTIVE_ARCH = YES;
				SDKROOT = iphoneos;
				SWIFT_ACTIVE_COMPILATION_CONDITIONS = DEBUG;
				SWIFT_OPTIMIZATION_LEVEL = "-Onone";
			};
			name = Debug;
		};
		0444D3E1243F6E77006CF3E0 /* Release */ = {
			isa = XCBuildConfiguration;
			buildSettings = {
				ALWAYS_SEARCH_USER_PATHS = NO;
				CLANG_ANALYZER_NONNULL = YES;
				CLANG_ANALYZER_NUMBER_OBJECT_CONVERSION = YES_AGGRESSIVE;
				CLANG_CXX_LANGUAGE_STANDARD = "gnu++14";
				CLANG_CXX_LIBRARY = "libc++";
				CLANG_ENABLE_MODULES = YES;
				CLANG_ENABLE_OBJC_ARC = YES;
				CLANG_ENABLE_OBJC_WEAK = YES;
				CLANG_WARN_BLOCK_CAPTURE_AUTORELEASING = YES;
				CLANG_WARN_BOOL_CONVERSION = YES;
				CLANG_WARN_COMMA = YES;
				CLANG_WARN_CONSTANT_CONVERSION = YES;
				CLANG_WARN_DEPRECATED_OBJC_IMPLEMENTATIONS = YES;
				CLANG_WARN_DIRECT_OBJC_ISA_USAGE = YES_ERROR;
				CLANG_WARN_DOCUMENTATION_COMMENTS = YES;
				CLANG_WARN_EMPTY_BODY = YES;
				CLANG_WARN_ENUM_CONVERSION = YES;
				CLANG_WARN_INFINITE_RECURSION = YES;
				CLANG_WARN_INT_CONVERSION = YES;
				CLANG_WARN_NON_LITERAL_NULL_CONVERSION = YES;
				CLANG_WARN_OBJC_IMPLICIT_RETAIN_SELF = YES;
				CLANG_WARN_OBJC_LITERAL_CONVERSION = YES;
				CLANG_WARN_OBJC_ROOT_CLASS = YES_ERROR;
				CLANG_WARN_RANGE_LOOP_ANALYSIS = YES;
				CLANG_WARN_STRICT_PROTOTYPES = YES;
				CLANG_WARN_SUSPICIOUS_MOVE = YES;
				CLANG_WARN_UNGUARDED_AVAILABILITY = YES_AGGRESSIVE;
				CLANG_WARN_UNREACHABLE_CODE = YES;
				CLANG_WARN__DUPLICATE_METHOD_MATCH = YES;
				COPY_PHASE_STRIP = NO;
				DEBUG_INFORMATION_FORMAT = "dwarf-with-dsym";
				ENABLE_NS_ASSERTIONS = NO;
				ENABLE_STRICT_OBJC_MSGSEND = YES;
				GCC_C_LANGUAGE_STANDARD = gnu11;
				GCC_NO_COMMON_BLOCKS = YES;
				GCC_WARN_64_TO_32_BIT_CONVERSION = YES;
				GCC_WARN_ABOUT_RETURN_TYPE = YES_ERROR;
				GCC_WARN_UNDECLARED_SELECTOR = YES;
				GCC_WARN_UNINITIALIZED_AUTOS = YES_AGGRESSIVE;
				GCC_WARN_UNUSED_FUNCTION = YES;
				GCC_WARN_UNUSED_VARIABLE = YES;
				IPHONEOS_DEPLOYMENT_TARGET = 13.4;
				MTL_ENABLE_DEBUG_INFO = NO;
				MTL_FAST_MATH = YES;
				SDKROOT = iphoneos;
				SWIFT_COMPILATION_MODE = wholemodule;
				SWIFT_OPTIMIZATION_LEVEL = "-O";
				VALIDATE_PRODUCT = YES;
			};
			name = Release;
		};
		0444D3E3243F6E77006CF3E0 /* Debug */ = {
			isa = XCBuildConfiguration;
			buildSettings = {
				ASSETCATALOG_COMPILER_APPICON_NAME = AppIcon;
				CODE_SIGN_STYLE = Automatic;
				DEVELOPMENT_TEAM = 996H53HT87;
				INFOPLIST_FILE = "Who Wants to Be a Millionaire?/Info.plist";
				LD_RUNPATH_SEARCH_PATHS = (
					"$(inherited)",
					"@executable_path/Frameworks",
				);
				PRODUCT_BUNDLE_IDENTIFIER = "test.Who-Wants-to-Be-a-Millionaire-";
				PRODUCT_NAME = "$(TARGET_NAME)";
				SWIFT_VERSION = 5.0;
				TARGETED_DEVICE_FAMILY = "1,2";
			};
			name = Debug;
		};
		0444D3E4243F6E77006CF3E0 /* Release */ = {
			isa = XCBuildConfiguration;
			buildSettings = {
				ASSETCATALOG_COMPILER_APPICON_NAME = AppIcon;
				CODE_SIGN_STYLE = Automatic;
				DEVELOPMENT_TEAM = 996H53HT87;
				INFOPLIST_FILE = "Who Wants to Be a Millionaire?/Info.plist";
				LD_RUNPATH_SEARCH_PATHS = (
					"$(inherited)",
					"@executable_path/Frameworks",
				);
				PRODUCT_BUNDLE_IDENTIFIER = "test.Who-Wants-to-Be-a-Millionaire-";
				PRODUCT_NAME = "$(TARGET_NAME)";
				SWIFT_VERSION = 5.0;
				TARGETED_DEVICE_FAMILY = "1,2";
			};
			name = Release;
		};
/* End XCBuildConfiguration section */

/* Begin XCConfigurationList section */
		0444D3C9243F6E74006CF3E0 /* Build configuration list for PBXProject "Who Wants to Be a Millionaire?" */ = {
			isa = XCConfigurationList;
			buildConfigurations = (
				0444D3E0243F6E77006CF3E0 /* Debug */,
				0444D3E1243F6E77006CF3E0 /* Release */,
			);
			defaultConfigurationIsVisible = 0;
			defaultConfigurationName = Release;
		};
		0444D3E2243F6E77006CF3E0 /* Build configuration list for PBXNativeTarget "Who Wants to Be a Millionaire?" */ = {
			isa = XCConfigurationList;
			buildConfigurations = (
				0444D3E3243F6E77006CF3E0 /* Debug */,
				0444D3E4243F6E77006CF3E0 /* Release */,
			);
			defaultConfigurationIsVisible = 0;
			defaultConfigurationName = Release;
		};
/* End XCConfigurationList section */
	};
	rootObject = 0444D3C6243F6E74006CF3E0 /* Project object */;
}
